
Microsoft Visual Studio Solution File, Format Version 12.00
# Visual Studio Version 16
VisualStudioVersion = 16.0.30621.155
MinimumVisualStudioVersion = 10.0.40219.1
Project("{2150E333-8FDC-42A3-9474-1A3956D46DE8}") = "1. Presentation", "1. Presentation", "{B7231F2C-1BB3-452B-99C5-48F86A369D54}"
EndProject
Project("{2150E333-8FDC-42A3-9474-1A3956D46DE8}") = "3. Application", "3. Application", "{D7E70F06-9AF6-4ADA-8869-F03320E2D20F}"
EndProject
Project("{2150E333-8FDC-42A3-9474-1A3956D46DE8}") = "4. Domain", "4. Domain", "{D2E833FE-9F87-4381-8779-81F1BAD2A870}"
EndProject
Project("{2150E333-8FDC-42A3-9474-1A3956D46DE8}") = "5. Infrastructure", "5. Infrastructure", "{7A88D0DA-880D-42AF-A7E2-79D928E81935}"
EndProject
Project("{2150E333-8FDC-42A3-9474-1A3956D46DE8}") = "5.1. Data", "5.1. Data", "{20CA1486-B3E3-48F5-AD12-C160E6B9CC8D}"
EndProject
Project("{2150E333-8FDC-42A3-9474-1A3956D46DE8}") = "5.2. CrossCutting", "5.2. CrossCutting", "{53B7C471-5001-40B7-8C48-AB1736EB39BF}"
EndProject
Project("{2150E333-8FDC-42A3-9474-1A3956D46DE8}") = "2. Services", "2. Services", "{80465D28-9657-434C-B561-BABFD6B837B6}"
EndProject
Project("{2150E333-8FDC-42A3-9474-1A3956D46DE8}") = "1. Master", "1. Master", "{4EEF78B3-3E89-4A19-B647-5C24D71C1C7B}"
EndProject
Project("{2150E333-8FDC-42A3-9474-1A3956D46DE8}") = "2. Padawan", "2. Padawan", "{21725B0B-7303-4AD7-BDD9-A961903EC177}"
EndProject
Project("{2150E333-8FDC-42A3-9474-1A3956D46DE8}") = "1. Presentation", "1. Presentation", "{4ECE0ADB-CA1F-439B-8B71-53CDFAEB2FAB}"
EndProject
Project("{2150E333-8FDC-42A3-9474-1A3956D46DE8}") = "2. Services", "2. Services", "{395307AB-C228-4917-8619-9C4B0423955D}"
EndProject
Project("{2150E333-8FDC-42A3-9474-1A3956D46DE8}") = "3. Application", "3. Application", "{699AF23B-0A47-4CAA-A034-71A6F596CEC6}"
EndProject
Project("{2150E333-8FDC-42A3-9474-1A3956D46DE8}") = "4. Domain", "4. Domain", "{C5158207-0155-42E1-ADEA-7B882EC5A2F5}"
EndProject
Project("{2150E333-8FDC-42A3-9474-1A3956D46DE8}") = "5. Infrastructure", "5. Infrastructure", "{5B58A3B7-2CB2-4D27-9FF0-FDCB924411FA}"
EndProject
Project("{2150E333-8FDC-42A3-9474-1A3956D46DE8}") = "5.1. Data", "5.1. Data", "{0CC65BA6-1BF8-4AF6-BE7C-29B4968171E5}"
EndProject
Project("{2150E333-8FDC-42A3-9474-1A3956D46DE8}") = "5.2. CrossCutting", "5.2. CrossCutting", "{076EE707-E7CD-4855-9645-78C31748E0F9}"
EndProject
Project("{FAE04EC0-301F-11D3-BF4B-00C04F79EFBC}") = "Dagobah.Padawan.Infrastructure.Data", "Dagobah.Padawan.Infrastructure.Data\Dagobah.Padawan.Infrastructure.Data.csproj", "{A9E2C0B4-C759-4CF2-98F2-96BED307D090}"
EndProject
Project("{FAE04EC0-301F-11D3-BF4B-00C04F79EFBC}") = "Dagobah.Padawan.Domain", "Dagobah.Padawan.Domain\Dagobah.Padawan.Domain.csproj", "{4140DC65-DF23-4F77-80F0-28D882C6B9C5}"
EndProject
Project("{FAE04EC0-301F-11D3-BF4B-00C04F79EFBC}") = "Dagobah.Domain", "Dagobah.Domain\Dagobah.Domain.csproj", "{9E7DC309-A8C0-4C73-8107-8891BCFADB68}"
EndProject
Project("{FAE04EC0-301F-11D3-BF4B-00C04F79EFBC}") = "Dagobah.Infrastructure.Data", "Dagobah.Infrastructure.Data\Dagobah.Infrastructure.Data.csproj", "{2E57DF64-D728-433F-AC33-49D719858A11}"
EndProject
Global
	GlobalSection(SolutionConfigurationPlatforms) = preSolution
		Debug|Any CPU = Debug|Any CPU
		Release|Any CPU = Release|Any CPU
	EndGlobalSection
	GlobalSection(ProjectConfigurationPlatforms) = postSolution
		{A9E2C0B4-C759-4CF2-98F2-96BED307D090}.Debug|Any CPU.ActiveCfg = Debug|Any CPU
		{A9E2C0B4-C759-4CF2-98F2-96BED307D090}.Debug|Any CPU.Build.0 = Debug|Any CPU
		{A9E2C0B4-C759-4CF2-98F2-96BED307D090}.Release|Any CPU.ActiveCfg = Release|Any CPU
		{A9E2C0B4-C759-4CF2-98F2-96BED307D090}.Release|Any CPU.Build.0 = Release|Any CPU
		{4140DC65-DF23-4F77-80F0-28D882C6B9C5}.Debug|Any CPU.ActiveCfg = Debug|Any CPU
		{4140DC65-DF23-4F77-80F0-28D882C6B9C5}.Debug|Any CPU.Build.0 = Debug|Any CPU
		{4140DC65-DF23-4F77-80F0-28D882C6B9C5}.Release|Any CPU.ActiveCfg = Release|Any CPU
		{4140DC65-DF23-4F77-80F0-28D882C6B9C5}.Release|Any CPU.Build.0 = Release|Any CPU
		{9E7DC309-A8C0-4C73-8107-8891BCFADB68}.Debug|Any CPU.ActiveCfg = Debug|Any CPU
		{9E7DC309-A8C0-4C73-8107-8891BCFADB68}.Debug|Any CPU.Build.0 = Debug|Any CPU
		{9E7DC309-A8C0-4C73-8107-8891BCFADB68}.Release|Any CPU.ActiveCfg = Release|Any CPU
		{9E7DC309-A8C0-4C73-8107-8891BCFADB68}.Release|Any CPU.Build.0 = Release|Any CPU
		{2E57DF64-D728-433F-AC33-49D719858A11}.Debug|Any CPU.ActiveCfg = Debug|Any CPU
		{2E57DF64-D728-433F-AC33-49D719858A11}.Debug|Any CPU.Build.0 = Debug|Any CPU
		{2E57DF64-D728-433F-AC33-49D719858A11}.Release|Any CPU.ActiveCfg = Release|Any CPU
		{2E57DF64-D728-433F-AC33-49D719858A11}.Release|Any CPU.Build.0 = Release|Any CPU
	EndGlobalSection
	GlobalSection(SolutionProperties) = preSolution
		HideSolutionNode = FALSE
	EndGlobalSection
	GlobalSection(NestedProjects) = preSolution
		{B7231F2C-1BB3-452B-99C5-48F86A369D54} = {4EEF78B3-3E89-4A19-B647-5C24D71C1C7B}
		{D7E70F06-9AF6-4ADA-8869-F03320E2D20F} = {4EEF78B3-3E89-4A19-B647-5C24D71C1C7B}
		{D2E833FE-9F87-4381-8779-81F1BAD2A870} = {4EEF78B3-3E89-4A19-B647-5C24D71C1C7B}
		{7A88D0DA-880D-42AF-A7E2-79D928E81935} = {4EEF78B3-3E89-4A19-B647-5C24D71C1C7B}
		{20CA1486-B3E3-48F5-AD12-C160E6B9CC8D} = {7A88D0DA-880D-42AF-A7E2-79D928E81935}
		{53B7C471-5001-40B7-8C48-AB1736EB39BF} = {7A88D0DA-880D-42AF-A7E2-79D928E81935}
		{80465D28-9657-434C-B561-BABFD6B837B6} = {4EEF78B3-3E89-4A19-B647-5C24D71C1C7B}
		{4ECE0ADB-CA1F-439B-8B71-53CDFAEB2FAB} = {21725B0B-7303-4AD7-BDD9-A961903EC177}
		{395307AB-C228-4917-8619-9C4B0423955D} = {21725B0B-7303-4AD7-BDD9-A961903EC177}
		{699AF23B-0A47-4CAA-A034-71A6F596CEC6} = {21725B0B-7303-4AD7-BDD9-A961903EC177}
		{C5158207-0155-42E1-ADEA-7B882EC5A2F5} = {21725B0B-7303-4AD7-BDD9-A961903EC177}
		{5B58A3B7-2CB2-4D27-9FF0-FDCB924411FA} = {21725B0B-7303-4AD7-BDD9-A961903EC177}
		{0CC65BA6-1BF8-4AF6-BE7C-29B4968171E5} = {5B58A3B7-2CB2-4D27-9FF0-FDCB924411FA}
		{076EE707-E7CD-4855-9645-78C31748E0F9} = {5B58A3B7-2CB2-4D27-9FF0-FDCB924411FA}
		{A9E2C0B4-C759-4CF2-98F2-96BED307D090} = {0CC65BA6-1BF8-4AF6-BE7C-29B4968171E5}
		{4140DC65-DF23-4F77-80F0-28D882C6B9C5} = {C5158207-0155-42E1-ADEA-7B882EC5A2F5}
		{9E7DC309-A8C0-4C73-8107-8891BCFADB68} = {D2E833FE-9F87-4381-8779-81F1BAD2A870}
		{2E57DF64-D728-433F-AC33-49D719858A11} = {20CA1486-B3E3-48F5-AD12-C160E6B9CC8D}
	EndGlobalSection
	GlobalSection(ExtensibilityGlobals) = postSolution
		SolutionGuid = {0DFC3131-32AD-4B5D-BA3A-E0124449129D}
	EndGlobalSection
EndGlobal
